# Generated by `make lockfile-export` from uv.lock. Hash-pinned install
# list for the harnesses (test/lib.sh:beam_install_dep) and for anything
# installing into a container that already has the shim on PYTHONPATH;
# `uv pip install --no-deps --require-hashes -r requirements.lock`
# verifies every artifact.
cloudpickle==3.1.2 \
    --hash=sha256:7fda9eb655c9c230dab534f1983763de5835249750e85fbcef43aaa30a9a2414 \
    --hash=sha256:9acb47f6afd73f60dc1df93bb801b472f05ff42fa6c84167d25cb206be1fbf4a
    # via ray
